
Microsoft Visual Studio Solution File, Format Version 12.00
# Visual Studio Version 17
VisualStudioVersion = 17.5.33627.172
MinimumVisualStudioVersion = 10.0.40219.1
Project("{FAE04EC0-301F-11D3-BF4B-00C04F79EFBC}") = "CRUDProductApp_API", "CRUDProductApp_API.csproj", "{EDF90C38-8147-461C-B183-FEFD7F625974}"
EndProject
Global
	GlobalSection(SolutionConfigurationPlatforms) = preSolution
		Debug|Any CPU = Debug|Any CPU
		Release|Any CPU = Release|Any CPU
	EndGlobalSection
	GlobalSection(ProjectConfigurationPlatforms) = postSolution
		{EDF90C38-8147-461C-B183-FEFD7F625974}.Debug|Any CPU.ActiveCfg = Debug|Any CPU
		{EDF90C38-8147-461C-B183-FEFD7F625974}.Debug|Any CPU.Build.0 = Debug|Any CPU
		{EDF90C38-8147-461C-B183-FEFD7F625974}.Release|Any CPU.ActiveCfg = Release|Any CPU
		{EDF90C38-8147-461C-B183-FEFD7F625974}.Release|Any CPU.Build.0 = Release|Any CPU
	EndGlobalSection
	GlobalSection(SolutionProperties) = preSolution
		HideSolutionNode = FALSE
	EndGlobalSection
	GlobalSection(ExtensibilityGlobals) = postSolution
		SolutionGuid = {7F07F817-85C1-4280-9D0E-2EB9939A2ACB}
	EndGlobalSection
EndGlobal
